// !$*UTF8*$!
{
	archiveVersion = 1;
	classes = {
	};
	objectVersion = 50;
	objects = {

/* Begin PBXBuildFile section */
		2E8B50A926140D1C00306149 /* AppDelegate.swift in Sources */ = {isa = PBXBuildFile; fileRef = 2E8B50A826140D1C00306149 /* AppDelegate.swift */; };
		2E8B50AB26140D1C00306149 /* SceneDelegate.swift in Sources */ = {isa = PBXBuildFile; fileRef = 2E8B50AA26140D1C00306149 /* SceneDelegate.swift */; };
		2E8B50AD26140D1C00306149 /* ViewController.swift in Sources */ = {isa = PBXBuildFile; fileRef = 2E8B50AC26140D1C00306149 /* ViewController.swift */; };
		2E8B50B226140D1F00306149 /* Assets.xcassets in Resources */ = {isa = PBXBuildFile; fileRef = 2E8B50B126140D1F00306149 /* Assets.xcassets */; };
		2E8B50B526140D1F00306149 /* LaunchScreen.storyboard in Resources */ = {isa = PBXBuildFile; fileRef = 2E8B50B326140D1F00306149 /* LaunchScreen.storyboard */; };
		2E8B50C326140DD100306149 /* HomeViewController.swift in Sources */ = {isa = PBXBuildFile; fileRef = 2E8B50C226140DD100306149 /* HomeViewController.swift */; };
		2E8B50C626140DD700306149 /* SettingViewController.swift in Sources */ = {isa = PBXBuildFile; fileRef = 2E8B50C526140DD700306149 /* SettingViewController.swift */; };
		2E8B50D1261411F500306149 /* CustomTabBarViewController.swift in Sources */ = {isa = PBXBuildFile; fileRef = 2E8B50D0261411F500306149 /* CustomTabBarViewController.swift */; };
		2E8B50D52614138E00306149 /* CustomTabBarItem.swift in Sources */ = {isa = PBXBuildFile; fileRef = 2E8B50D42614138E00306149 /* CustomTabBarItem.swift */; };
		2E8B50DE2614168C00306149 /* CustomTabBarSetting.swift in Sources */ = {isa = PBXBuildFile; fileRef = 2E8B50DD2614168C00306149 /* CustomTabBarSetting.swift */; };
		2E8B50E12614179300306149 /* JBTabBarController.swift in Sources */ = {isa = PBXBuildFile; fileRef = 2E8B50E02614179300306149 /* JBTabBarController.swift */; };
		2E8B50E826142D9300306149 /* CustomTabBar.swift in Sources */ = {isa = PBXBuildFile; fileRef = 2E8B50E726142D9300306149 /* CustomTabBar.swift */; };
/* End PBXBuildFile section */

/* Begin PBXFileReference section */
		2E8B50A526140D1C00306149 /* CustomTabBar.app */ = {isa = PBXFileReference; explicitFileType = wrapper.application; includeInIndex = 0; path = CustomTabBar.app; sourceTree = BUILT_PRODUCTS_DIR; };
		2E8B50A826140D1C00306149 /* AppDelegate.swift */ = {isa = PBXFileReference; lastKnownFileType = sourcecode.swift; path = AppDelegate.swift; sourceTree = "<group>"; };
		2E8B50AA26140D1C00306149 /* SceneDelegate.swift */ = {isa = PBXFileReference; lastKnownFileType = sourcecode.swift; path = SceneDelegate.swift; sourceTree = "<group>"; };
		2E8B50AC26140D1C00306149 /* ViewController.swift */ = {isa = PBXFileReference; lastKnownFileType = sourcecode.swift; path = ViewController.swift; sourceTree = "<group>"; };
		2E8B50B126140D1F00306149 /* Assets.xcassets */ = {isa = PBXFileReference; lastKnownFileType = folder.assetcatalog; path = Assets.xcassets; sourceTree = "<group>"; };
		2E8B50B426140D1F00306149 /* Base */ = {isa = PBXFileReference; lastKnownFileType = file.storyboard; name = Base; path = Base.lproj/LaunchScreen.storyboard; sourceTree = "<group>"; };
		2E8B50B626140D1F00306149 /* Info.plist */ = {isa = PBXFileReference; lastKnownFileType = text.plist.xml; path = Info.plist; sourceTree = "<group>"; };
		2E8B50C226140DD100306149 /* HomeViewController.swift */ = {isa = PBXFileReference; lastKnownFileType = sourcecode.swift; path = HomeViewController.swift; sourceTree = "<group>"; };
		2E8B50C526140DD700306149 /* SettingViewController.swift */ = {isa = PBXFileReference; lastKnownFileType = sourcecode.swift; path = SettingViewController.swift; sourceTree = "<group>"; };
		2E8B50D0261411F500306149 /* CustomTabBarViewController.swift */ = {isa = PBXFileReference; lastKnownFileType = sourcecode.swift; path = CustomTabBarViewController.swift; sourceTree = "<group>"; };
		2E8B50D42614138E00306149 /* CustomTabBarItem.swift */ = {isa = PBXFileReference; lastKnownFileType = sourcecode.swift; path = CustomTabBarItem.swift; sourceTree = "<group>"; };
		2E8B50DD2614168C00306149 /* CustomTabBarSetting.swift */ = {isa = PBXFileReference; lastKnownFileType = sourcecode.swift; path = CustomTabBarSetting.swift; sourceTree = "<group>"; };
		2E8B50E02614179300306149 /* JBTabBarController.swift */ = {isa = PBXFileReference; lastKnownFileType = sourcecode.swift; path = JBTabBarController.swift; sourceTree = "<group>"; };
		2E8B50E726142D9300306149 /* CustomTabBar.swift */ = {isa = PBXFileReference; lastKnownFileType = sourcecode.swift; path = CustomTabBar.swift; sourceTree = "<group>"; };
/* End PBXFileReference section */

/* Begin PBXFrameworksBuildPhase section */
		2E8B50A226140D1C00306149 /* Frameworks */ = {
			isa = PBXFrameworksBuildPhase;
			buildActionMask = 2147483647;
			files = (
			);
			runOnlyForDeploymentPostprocessing = 0;
		};
/* End PBXFrameworksBuildPhase section */

/* Begin PBXGroup section */
		2E8B509C26140D1C00306149 = {
			isa = PBXGroup;
			children = (
				2E8B50A726140D1C00306149 /* CustomTabBar */,
				2E8B50A626140D1C00306149 /* Products */,
			);
			sourceTree = "<group>";
		};
		2E8B50A626140D1C00306149 /* Products */ = {
			isa = PBXGroup;
			children = (
				2E8B50A526140D1C00306149 /* CustomTabBar.app */,
			);
			name = Products;
			sourceTree = "<group>";
		};
		2E8B50A726140D1C00306149 /* CustomTabBar */ = {
			isa = PBXGroup;
			children = (
				2E8B50C926140EE800306149 /* Tabbar */,
				2E8B50A826140D1C00306149 /* AppDelegate.swift */,
				2E8B50AA26140D1C00306149 /* SceneDelegate.swift */,
				2E8B50AC26140D1C00306149 /* ViewController.swift */,
				2E8B50B126140D1F00306149 /* Assets.xcassets */,
				2E8B50B326140D1F00306149 /* LaunchScreen.storyboard */,
				2E8B50B626140D1F00306149 /* Info.plist */,
				2E8B50C226140DD100306149 /* HomeViewController.swift */,
				2E8B50C526140DD700306149 /* SettingViewController.swift */,
			);
			path = CustomTabBar;
			sourceTree = "<group>";
		};
		2E8B50C926140EE800306149 /* Tabbar */ = {
			isa = PBXGroup;
			children = (
				2E8B50D0261411F500306149 /* CustomTabBarViewController.swift */,
				2E8B50D42614138E00306149 /* CustomTabBarItem.swift */,
				2E8B50E726142D9300306149 /* CustomTabBar.swift */,
				2E8B50DD2614168C00306149 /* CustomTabBarSetting.swift */,
				2E8B50E02614179300306149 /* JBTabBarController.swift */,
			);
			path = Tabbar;
			sourceTree = "<group>";
		};
/* End PBXGroup section */

/* Begin PBXNativeTarget section */
		2E8B50A426140D1C00306149 /* CustomTabBar */ = {
			isa = PBXNativeTarget;
			buildConfigurationList = 2E8B50B926140D1F00306149 /* Build configuration list for PBXNativeTarget "CustomTabBar" */;
			buildPhases = (
				2E8B50A126140D1C00306149 /* Sources */,
				2E8B50A226140D1C00306149 /* Frameworks */,
				2E8B50A326140D1C00306149 /* Resources */,
			);
			buildRules = (
			);
			dependencies = (
			);
			name = CustomTabBar;
			productName = CustomTabBar;
			productReference = 2E8B50A526140D1C00306149 /* CustomTabBar.app */;
			productType = "com.apple.product-type.application";
		};
/* End PBXNativeTarget section */

/* Begin PBXProject section */
		2E8B509D26140D1C00306149 /* Project object */ = {
			isa = PBXProject;
			attributes = {
				LastSwiftUpdateCheck = 1240;
				LastUpgradeCheck = 1240;
				TargetAttributes = {
					2E8B50A426140D1C00306149 = {
						CreatedOnToolsVersion = 12.4;
					};
				};
			};
			buildConfigurationList = 2E8B50A026140D1C00306149 /* Build configuration list for PBXProject "CustomTabBar" */;
			compatibilityVersion = "Xcode 9.3";
			developmentRegion = en;
			hasScannedForEncodings = 0;
			knownRegions = (
				en,
				Base,
			);
			mainGroup = 2E8B509C26140D1C00306149;
			productRefGroup = 2E8B50A626140D1C00306149 /* Products */;
			projectDirPath = "";
			projectRoot = "";
			targets = (
				2E8B50A426140D1C00306149 /* CustomTabBar */,
			);
		};
/* End PBXProject section */

/* Begin PBXResourcesBuildPhase section */
		2E8B50A326140D1C00306149 /* Resources */ = {
			isa = PBXResourcesBuildPhase;
			buildActionMask = 2147483647;
			files = (
				2E8B50B526140D1F00306149 /* LaunchScreen.storyboard in Resources */,
				2E8B50B226140D1F00306149 /* Assets.xcassets in Resources */,
			);
			runOnlyForDeploymentPostprocessing = 0;
		};
/* End PBXResourcesBuildPhase section */

/* Begin PBXSourcesBuildPhase section */
		2E8B50A126140D1C00306149 /* Sources */ = {
			isa = PBXSourcesBuildPhase;
			buildActionMask = 2147483647;
			files = (
				2E8B50C326140DD100306149 /* HomeViewController.swift in Sources */,
				2E8B50DE2614168C00306149 /* CustomTabBarSetting.swift in Sources */,
				2E8B50AD26140D1C00306149 /* ViewController.swift in Sources */,
				2E8B50E12614179300306149 /* JBTabBarController.swift in Sources */,
				2E8B50D52614138E00306149 /* CustomTabBarItem.swift in Sources */,
				2E8B50A926140D1C00306149 /* AppDelegate.swift in Sources */,
				2E8B50E826142D9300306149 /* CustomTabBar.swift in Sources */,
				2E8B50D1261411F500306149 /* CustomTabBarViewController.swift in Sources */,
				2E8B50AB26140D1C00306149 /* SceneDelegate.swift in Sources */,
				2E8B50C626140DD700306149 /* SettingViewController.swift in Sources */,
			);
			runOnlyForDeploymentPostprocessing = 0;
		};
/* End PBXSourcesBuildPhase section */

/* Begin PBXVariantGroup section */
		2E8B50B326140D1F00306149 /* LaunchScreen.storyboard */ = {
			isa = PBXVariantGroup;
			children = (
				2E8B50B426140D1F00306149 /* Base */,
			);
			name = LaunchScreen.storyboard;
			sourceTree = "<group>";
		};
/* End PBXVariantGroup section */

/* Begin XCBuildConfiguration section */
		2E8B50B726140D1F00306149 /* Debug */ = {
			isa = XCBuildConfiguration;
			buildSettings = {
				ALWAYS_SEARCH_USER_PATHS = NO;
				CLANG_ANALYZER_NONNULL = YES;
				CLANG_ANALYZER_NUMBER_OBJECT_CONVERSION = YES_AGGRESSIVE;
				CLANG_CXX_LANGUAGE_STANDARD = "gnu++14";
				CLANG_CXX_LIBRARY = "libc++";
				CLANG_ENABLE_MODULES = YES;
				CLANG_ENABLE_OBJC_ARC = YES;
				CLANG_ENABLE_OBJC_WEAK = YES;
				CLANG_WARN_BLOCK_CAPTURE_AUTORELEASING = YES;
				CLANG_WARN_BOOL_CONVERSION = YES;
				CLANG_WARN_COMMA = YES;
				CLANG_WARN_CONSTANT_CONVERSION = YES;
				CLANG_WARN_DEPRECATED_OBJC_IMPLEMENTATIONS = YES;
				CLANG_WARN_DIRECT_OBJC_ISA_USAGE = YES_ERROR;
				CLANG_WARN_DOCUMENTATION_COMMENTS = YES;
				CLANG_WARN_EMPTY_BODY = YES;
				CLANG_WARN_ENUM_CONVERSION = YES;
				CLANG_WARN_INFINITE_RECURSION = YES;
				CLANG_WARN_INT_CONVERSION = YES;
				CLANG_WARN_NON_LITERAL_NULL_CONVERSION = YES;
				CLANG_WARN_OBJC_IMPLICIT_RETAIN_SELF = YES;
				CLANG_WARN_OBJC_LITERAL_CONVERSION = YES;
				CLANG_WARN_OBJC_ROOT_CLASS = YES_ERROR;
				CLANG_WARN_QUOTED_INCLUDE_IN_FRAMEWORK_HEADER = YES;
				CLANG_WARN_RANGE_LOOP_ANALYSIS = YES;
				CLANG_WARN_STRICT_PROTOTYPES = YES;
				CLANG_WARN_SUSPICIOUS_MOVE = YES;
				CLANG_WARN_UNGUARDED_AVAILABILITY = YES_AGGRESSIVE;
				CLANG_WARN_UNREACHABLE_CODE = YES;
				CLANG_WARN__DUPLICATE_METHOD_MATCH = YES;
				COPY_PHASE_STRIP = NO;
				DEBUG_INFORMATION_FORMAT = dwarf;
				ENABLE_STRICT_OBJC_MSGSEND = YES;
				ENABLE_TESTABILITY = YES;
				GCC_C_LANGUAGE_STANDARD = gnu11;
				GCC_DYNAMIC_NO_PIC = NO;
				GCC_NO_COMMON_BLOCKS = YES;
				GCC_OPTIMIZATION_LEVEL = 0;
				GCC_PREPROCESSOR_DEFINITIONS = (
					"DEBUG=1",
					"$(inherited)",
				);
				GCC_WARN_64_TO_32_BIT_CONVERSION = YES;
				GCC_WARN_ABOUT_RETURN_TYPE = YES_ERROR;
				GCC_WARN_UNDECLARED_SELECTOR = YES;
				GCC_WARN_UNINITIALIZED_AUTOS = YES_AGGRESSIVE;
				GCC_WARN_UNUSED_FUNCTION = YES;
				GCC_WARN_UNUSED_VARIABLE = YES;
				IPHONEOS_DEPLOYMENT_TARGET = 14.4;
				MTL_ENABLE_DEBUG_INFO = INCLUDE_SOURCE;
				MTL_FAST_MATH = YES;
				ONLY_ACTIVE_ARCH = YES;
				SDKROOT = iphoneos;
				SWIFT_ACTIVE_COMPILATION_CONDITIONS = DEBUG;
				SWIFT_OPTIMIZATION_LEVEL = "-Onone";
			};
			name = Debug;
		};
		2E8B50B826140D1F00306149 /* Release */ = {
			isa = XCBuildConfiguration;
			buildSettings = {
				ALWAYS_SEARCH_USER_PATHS = NO;
				CLANG_ANALYZER_NONNULL = YES;
				CLANG_ANALYZER_NUMBER_OBJECT_CONVERSION = YES_AGGRESSIVE;
				CLANG_CXX_LANGUAGE_STANDARD = "gnu++14";
				CLANG_CXX_LIBRARY = "libc++";
				CLANG_ENABLE_MODULES = YES;
				CLANG_ENABLE_OBJC_ARC = YES;
				CLANG_ENABLE_OBJC_WEAK = YES;
				CLANG_WARN_BLOCK_CAPTURE_AUTORELEASING = YES;
				CLANG_WARN_BOOL_CONVERSION = YES;
				CLANG_WARN_COMMA = YES;
				CLANG_WARN_CONSTANT_CONVERSION = YES;
				CLANG_WARN_DEPRECATED_OBJC_IMPLEMENTATIONS = YES;
				CLANG_WARN_DIRECT_OBJC_ISA_USAGE = YES_ERROR;
				CLANG_WARN_DOCUMENTATION_COMMENTS = YES;
				CLANG_WARN_EMPTY_BODY = YES;
				CLANG_WARN_ENUM_CONVERSION = YES;
				CLANG_WARN_INFINITE_RECURSION = YES;
				CLANG_WARN_INT_CONVERSION = YES;
				CLANG_WARN_NON_LITERAL_NULL_CONVERSION = YES;
				CLANG_WARN_OBJC_IMPLICIT_RETAIN_SELF = YES;
				CLANG_WARN_OBJC_LITERAL_CONVERSION = YES;
				CLANG_WARN_OBJC_ROOT_CLASS = YES_ERROR;
				CLANG_WARN_QUOTED_INCLUDE_IN_FRAMEWORK_HEADER = YES;
				CLANG_WARN_RANGE_LOOP_ANALYSIS = YES;
				CLANG_WARN_STRICT_PROTOTYPES = YES;
				CLANG_WARN_SUSPICIOUS_MOVE = YES;
				CLANG_WARN_UNGUARDED_AVAILABILITY = YES_AGGRESSIVE;
				CLANG_WARN_UNREACHABLE_CODE = YES;
				CLANG_WARN__DUPLICATE_METHOD_MATCH = YES;
				COPY_PHASE_STRIP = NO;
				DEBUG_INFORMATION_FORMAT = "dwarf-with-dsym";
				ENABLE_NS_ASSERTIONS = NO;
				ENABLE_STRICT_OBJC_MSGSEND = YES;
				GCC_C_LANGUAGE_STANDARD = gnu11;
				GCC_NO_COMMON_BLOCKS = YES;
				GCC_WARN_64_TO_32_BIT_CONVERSION = YES;
				GCC_WARN_ABOUT_RETURN_TYPE = YES_ERROR;
				GCC_WARN_UNDECLARED_SELECTOR = YES;
				GCC_WARN_UNINITIALIZED_AUTOS = YES_AGGRESSIVE;
				GCC_WARN_UNUSED_FUNCTION = YES;
				GCC_WARN_UNUSED_VARIABLE = YES;
				IPHONEOS_DEPLOYMENT_TARGET = 14.4;
				MTL_ENABLE_DEBUG_INFO = NO;
				MTL_FAST_MATH = YES;
				SDKROOT = iphoneos;
				SWIFT_COMPILATION_MODE = wholemodule;
				SWIFT_OPTIMIZATION_LEVEL = "-O";
				VALIDATE_PRODUCT = YES;
			};
			name = Release;
		};
		2E8B50BA26140D1F00306149 /* Debug */ = {
			isa = XCBuildConfiguration;
			buildSettings = {
				ASSETCATALOG_COMPILER_APPICON_NAME = AppIcon;
				ASSETCATALOG_COMPILER_GLOBAL_ACCENT_COLOR_NAME = AccentColor;
				CODE_SIGN_STYLE = Automatic;
				DEVELOPMENT_TEAM = 99626YDKH4;
				INFOPLIST_FILE = CustomTabBar/Info.plist;
				LD_RUNPATH_SEARCH_PATHS = (
					"$(inherited)",
					"@executable_path/Frameworks",
				);
				PRODUCT_BUNDLE_IDENTIFIER = platb.ios.devpino.CustomTabBar;
				PRODUCT_NAME = "$(TARGET_NAME)";
				SWIFT_VERSION = 5.0;
				TARGETED_DEVICE_FAMILY = "1,2";
			};
			name = Debug;
		};
		2E8B50BB26140D1F00306149 /* Release */ = {
			isa = XCBuildConfiguration;
			buildSettings = {
				ASSETCATALOG_COMPILER_APPICON_NAME = AppIcon;
				ASSETCATALOG_COMPILER_GLOBAL_ACCENT_COLOR_NAME = AccentColor;
				CODE_SIGN_STYLE = Automatic;
				DEVELOPMENT_TEAM = 99626YDKH4;
				INFOPLIST_FILE = CustomTabBar/Info.plist;
				LD_RUNPATH_SEARCH_PATHS = (
					"$(inherited)",
					"@executable_path/Frameworks",
				);
				PRODUCT_BUNDLE_IDENTIFIER = platb.ios.devpino.CustomTabBar;
				PRODUCT_NAME = "$(TARGET_NAME)";
				SWIFT_VERSION = 5.0;
				TARGETED_DEVICE_FAMILY = "1,2";
			};
			name = Release;
		};
/* End XCBuildConfiguration section */

/* Begin XCConfigurationList section */
		2E8B50A026140D1C00306149 /* Build configuration list for PBXProject "CustomTabBar" */ = {
			isa = XCConfigurationList;
			buildConfigurations = (
				2E8B50B726140D1F00306149 /* Debug */,
				2E8B50B826140D1F00306149 /* Release */,
			);
			defaultConfigurationIsVisible = 0;
			defaultConfigurationName = Release;
		};
		2E8B50B926140D1F00306149 /* Build configuration list for PBXNativeTarget "CustomTabBar" */ = {
			isa = XCConfigurationList;
			buildConfigurations = (
				2E8B50BA26140D1F00306149 /* Debug */,
				2E8B50BB26140D1F00306149 /* Release */,
			);
			defaultConfigurationIsVisible = 0;
			defaultConfigurationName = Release;
		};
/* End XCConfigurationList section */
	};
	rootObject = 2E8B509D26140D1C00306149 /* Project object */;
}
