// !$*UTF8*$!
{
	archiveVersion = 1;
	classes = {
	};
	objectVersion = 51;
	objects = {

/* Begin PBXBuildFile section */
		4A9AE252BB930D63ECCEFE63 /* Pods_Leap_LeapUITests.framework in Frameworks */ = {isa = PBXBuildFile; fileRef = 7C8AD14550675517608501D1 /* Pods_Leap_LeapUITests.framework */; };
		8BDD233A261CA21A00BF596C /* AppDelegate.swift in Sources */ = {isa = PBXBuildFile; fileRef = 8BDD2339261CA21A00BF596C /* AppDelegate.swift */; };
		8BDD233C261CA21A00BF596C /* SceneDelegate.swift in Sources */ = {isa = PBXBuildFile; fileRef = 8BDD233B261CA21A00BF596C /* SceneDelegate.swift */; };
		8BDD233E261CA21A00BF596C /* ViewController.swift in Sources */ = {isa = PBXBuildFile; fileRef = 8BDD233D261CA21A00BF596C /* ViewController.swift */; };
		8BDD2341261CA21A00BF596C /* Main.storyboard in Resources */ = {isa = PBXBuildFile; fileRef = 8BDD233F261CA21A00BF596C /* Main.storyboard */; };
		8BDD2343261CA21D00BF596C /* Assets.xcassets in Resources */ = {isa = PBXBuildFile; fileRef = 8BDD2342261CA21D00BF596C /* Assets.xcassets */; };
		8BDD2346261CA21D00BF596C /* LaunchScreen.storyboard in Resources */ = {isa = PBXBuildFile; fileRef = 8BDD2344261CA21D00BF596C /* LaunchScreen.storyboard */; };
		8BDD2351261CA21D00BF596C /* LeapTests.swift in Sources */ = {isa = PBXBuildFile; fileRef = 8BDD2350261CA21D00BF596C /* LeapTests.swift */; };
		8BDD235C261CA21D00BF596C /* LeapUITests.swift in Sources */ = {isa = PBXBuildFile; fileRef = 8BDD235B261CA21D00BF596C /* LeapUITests.swift */; };
		AE7CB92D1C23D08E67C7FC7C /* Pods_LeapTests.framework in Frameworks */ = {isa = PBXBuildFile; fileRef = C96C5644D186F05309568CF9 /* Pods_LeapTests.framework */; };
		E609C107D5EFF7EB987E2CF5 /* Pods_Leap.framework in Frameworks */ = {isa = PBXBuildFile; fileRef = AAA3F862B0766885B0584909 /* Pods_Leap.framework */; };
/* End PBXBuildFile section */

/* Begin PBXContainerItemProxy section */
		8BDD234D261CA21D00BF596C /* PBXContainerItemProxy */ = {
			isa = PBXContainerItemProxy;
			containerPortal = 8BDD232E261CA21A00BF596C /* Project object */;
			proxyType = 1;
			remoteGlobalIDString = 8BDD2335261CA21A00BF596C;
			remoteInfo = Leap;
		};
		8BDD2358261CA21D00BF596C /* PBXContainerItemProxy */ = {
			isa = PBXContainerItemProxy;
			containerPortal = 8BDD232E261CA21A00BF596C /* Project object */;
			proxyType = 1;
			remoteGlobalIDString = 8BDD2335261CA21A00BF596C;
			remoteInfo = Leap;
		};
/* End PBXContainerItemProxy section */

/* Begin PBXFileReference section */
		56ADF4C353FDF47FD64213A1 /* Pods-Leap.debug.xcconfig */ = {isa = PBXFileReference; includeInIndex = 1; lastKnownFileType = text.xcconfig; name = "Pods-Leap.debug.xcconfig"; path = "Target Support Files/Pods-Leap/Pods-Leap.debug.xcconfig"; sourceTree = "<group>"; };
		766C5E81CDB21EE0902126B5 /* Pods-Leap-LeapUITests.release.xcconfig */ = {isa = PBXFileReference; includeInIndex = 1; lastKnownFileType = text.xcconfig; name = "Pods-Leap-LeapUITests.release.xcconfig"; path = "Target Support Files/Pods-Leap-LeapUITests/Pods-Leap-LeapUITests.release.xcconfig"; sourceTree = "<group>"; };
		7C8AD14550675517608501D1 /* Pods_Leap_LeapUITests.framework */ = {isa = PBXFileReference; explicitFileType = wrapper.framework; includeInIndex = 0; path = Pods_Leap_LeapUITests.framework; sourceTree = BUILT_PRODUCTS_DIR; };
		8795CD6477B763A29BCE19BA /* Pods-LeapTests.release.xcconfig */ = {isa = PBXFileReference; includeInIndex = 1; lastKnownFileType = text.xcconfig; name = "Pods-LeapTests.release.xcconfig"; path = "Target Support Files/Pods-LeapTests/Pods-LeapTests.release.xcconfig"; sourceTree = "<group>"; };
		8BDD2336261CA21A00BF596C /* Leap.app */ = {isa = PBXFileReference; explicitFileType = wrapper.application; includeInIndex = 0; path = Leap.app; sourceTree = BUILT_PRODUCTS_DIR; };
		8BDD2339261CA21A00BF596C /* AppDelegate.swift */ = {isa = PBXFileReference; lastKnownFileType = sourcecode.swift; path = AppDelegate.swift; sourceTree = "<group>"; };
		8BDD233B261CA21A00BF596C /* SceneDelegate.swift */ = {isa = PBXFileReference; lastKnownFileType = sourcecode.swift; path = SceneDelegate.swift; sourceTree = "<group>"; };
		8BDD233D261CA21A00BF596C /* ViewController.swift */ = {isa = PBXFileReference; lastKnownFileType = sourcecode.swift; path = ViewController.swift; sourceTree = "<group>"; };
		8BDD2340261CA21A00BF596C /* Base */ = {isa = PBXFileReference; lastKnownFileType = file.storyboard; name = Base; path = Base.lproj/Main.storyboard; sourceTree = "<group>"; };
		8BDD2342261CA21D00BF596C /* Assets.xcassets */ = {isa = PBXFileReference; lastKnownFileType = folder.assetcatalog; path = Assets.xcassets; sourceTree = "<group>"; };
		8BDD2345261CA21D00BF596C /* Base */ = {isa = PBXFileReference; lastKnownFileType = file.storyboard; name = Base; path = Base.lproj/LaunchScreen.storyboard; sourceTree = "<group>"; };
		8BDD2347261CA21D00BF596C /* Info.plist */ = {isa = PBXFileReference; lastKnownFileType = text.plist.xml; path = Info.plist; sourceTree = "<group>"; };
		8BDD234C261CA21D00BF596C /* LeapTests.xctest */ = {isa = PBXFileReference; explicitFileType = wrapper.cfbundle; includeInIndex = 0; path = LeapTests.xctest; sourceTree = BUILT_PRODUCTS_DIR; };
		8BDD2350261CA21D00BF596C /* LeapTests.swift */ = {isa = PBXFileReference; lastKnownFileType = sourcecode.swift; path = LeapTests.swift; sourceTree = "<group>"; };
		8BDD2352261CA21D00BF596C /* Info.plist */ = {isa = PBXFileReference; lastKnownFileType = text.plist.xml; path = Info.plist; sourceTree = "<group>"; };
		8BDD2357261CA21D00BF596C /* LeapUITests.xctest */ = {isa = PBXFileReference; explicitFileType = wrapper.cfbundle; includeInIndex = 0; path = LeapUITests.xctest; sourceTree = BUILT_PRODUCTS_DIR; };
		8BDD235B261CA21D00BF596C /* LeapUITests.swift */ = {isa = PBXFileReference; lastKnownFileType = sourcecode.swift; path = LeapUITests.swift; sourceTree = "<group>"; };
		8BDD235D261CA21D00BF596C /* Info.plist */ = {isa = PBXFileReference; lastKnownFileType = text.plist.xml; path = Info.plist; sourceTree = "<group>"; };
		92D7CE0A28E4590D06BBB373 /* Pods-Leap-LeapUITests.debug.xcconfig */ = {isa = PBXFileReference; includeInIndex = 1; lastKnownFileType = text.xcconfig; name = "Pods-Leap-LeapUITests.debug.xcconfig"; path = "Target Support Files/Pods-Leap-LeapUITests/Pods-Leap-LeapUITests.debug.xcconfig"; sourceTree = "<group>"; };
		9B599407E28AFADB82362E6A /* Pods-LeapTests.debug.xcconfig */ = {isa = PBXFileReference; includeInIndex = 1; lastKnownFileType = text.xcconfig; name = "Pods-LeapTests.debug.xcconfig"; path = "Target Support Files/Pods-LeapTests/Pods-LeapTests.debug.xcconfig"; sourceTree = "<group>"; };
		9B60B1487856ABDFA2DA3383 /* Pods-Leap.release.xcconfig */ = {isa = PBXFileReference; includeInIndex = 1; lastKnownFileType = text.xcconfig; name = "Pods-Leap.release.xcconfig"; path = "Target Support Files/Pods-Leap/Pods-Leap.release.xcconfig"; sourceTree = "<group>"; };
		AAA3F862B0766885B0584909 /* Pods_Leap.framework */ = {isa = PBXFileReference; explicitFileType = wrapper.framework; includeInIndex = 0; path = Pods_Leap.framework; sourceTree = BUILT_PRODUCTS_DIR; };
		C96C5644D186F05309568CF9 /* Pods_LeapTests.framework */ = {isa = PBXFileReference; explicitFileType = wrapper.framework; includeInIndex = 0; path = Pods_LeapTests.framework; sourceTree = BUILT_PRODUCTS_DIR; };
/* End PBXFileReference section */

/* Begin PBXFrameworksBuildPhase section */
		8BDD2333261CA21A00BF596C /* Frameworks */ = {
			isa = PBXFrameworksBuildPhase;
			buildActionMask = 2147483647;
			files = (
				E609C107D5EFF7EB987E2CF5 /* Pods_Leap.framework in Frameworks */,
			);
			runOnlyForDeploymentPostprocessing = 0;
		};
		8BDD2349261CA21D00BF596C /* Frameworks */ = {
			isa = PBXFrameworksBuildPhase;
			buildActionMask = 2147483647;
			files = (
				AE7CB92D1C23D08E67C7FC7C /* Pods_LeapTests.framework in Frameworks */,
			);
			runOnlyForDeploymentPostprocessing = 0;
		};
		8BDD2354261CA21D00BF596C /* Frameworks */ = {
			isa = PBXFrameworksBuildPhase;
			buildActionMask = 2147483647;
			files = (
				4A9AE252BB930D63ECCEFE63 /* Pods_Leap_LeapUITests.framework in Frameworks */,
			);
			runOnlyForDeploymentPostprocessing = 0;
		};
/* End PBXFrameworksBuildPhase section */

/* Begin PBXGroup section */
		25ED021D4CE5FF67BAC476A2 /* Frameworks */ = {
			isa = PBXGroup;
			children = (
				AAA3F862B0766885B0584909 /* Pods_Leap.framework */,
				7C8AD14550675517608501D1 /* Pods_Leap_LeapUITests.framework */,
				C96C5644D186F05309568CF9 /* Pods_LeapTests.framework */,
			);
			name = Frameworks;
			sourceTree = "<group>";
		};
		88FB2E9F24BBA4A1D6CB72D2 /* Pods */ = {
			isa = PBXGroup;
			children = (
				56ADF4C353FDF47FD64213A1 /* Pods-Leap.debug.xcconfig */,
				9B60B1487856ABDFA2DA3383 /* Pods-Leap.release.xcconfig */,
				92D7CE0A28E4590D06BBB373 /* Pods-Leap-LeapUITests.debug.xcconfig */,
				766C5E81CDB21EE0902126B5 /* Pods-Leap-LeapUITests.release.xcconfig */,
				9B599407E28AFADB82362E6A /* Pods-LeapTests.debug.xcconfig */,
				8795CD6477B763A29BCE19BA /* Pods-LeapTests.release.xcconfig */,
			);
			path = Pods;
			sourceTree = "<group>";
		};
		8BDD232D261CA21A00BF596C = {
			isa = PBXGroup;
			children = (
				8BDD2338261CA21A00BF596C /* Leap */,
				8BDD234F261CA21D00BF596C /* LeapTests */,
				8BDD235A261CA21D00BF596C /* LeapUITests */,
				8BDD2337261CA21A00BF596C /* Products */,
				88FB2E9F24BBA4A1D6CB72D2 /* Pods */,
				25ED021D4CE5FF67BAC476A2 /* Frameworks */,
			);
			sourceTree = "<group>";
		};
		8BDD2337261CA21A00BF596C /* Products */ = {
			isa = PBXGroup;
			children = (
				8BDD2336261CA21A00BF596C /* Leap.app */,
				8BDD234C261CA21D00BF596C /* LeapTests.xctest */,
				8BDD2357261CA21D00BF596C /* LeapUITests.xctest */,
			);
			name = Products;
			sourceTree = "<group>";
		};
		8BDD2338261CA21A00BF596C /* Leap */ = {
			isa = PBXGroup;
			children = (
				8BDD2339261CA21A00BF596C /* AppDelegate.swift */,
				8BDD233B261CA21A00BF596C /* SceneDelegate.swift */,
				8BDD233D261CA21A00BF596C /* ViewController.swift */,
				8BDD233F261CA21A00BF596C /* Main.storyboard */,
				8BDD2342261CA21D00BF596C /* Assets.xcassets */,
				8BDD2344261CA21D00BF596C /* LaunchScreen.storyboard */,
				8BDD2347261CA21D00BF596C /* Info.plist */,
			);
			path = Leap;
			sourceTree = "<group>";
		};
		8BDD234F261CA21D00BF596C /* LeapTests */ = {
			isa = PBXGroup;
			children = (
				8BDD2350261CA21D00BF596C /* LeapTests.swift */,
				8BDD2352261CA21D00BF596C /* Info.plist */,
			);
			path = LeapTests;
			sourceTree = "<group>";
		};
		8BDD235A261CA21D00BF596C /* LeapUITests */ = {
			isa = PBXGroup;
			children = (
				8BDD235B261CA21D00BF596C /* LeapUITests.swift */,
				8BDD235D261CA21D00BF596C /* Info.plist */,
			);
			path = LeapUITests;
			sourceTree = "<group>";
		};
/* End PBXGroup section */

/* Begin PBXNativeTarget section */
		8BDD2335261CA21A00BF596C /* Leap */ = {
			isa = PBXNativeTarget;
			buildConfigurationList = 8BDD2360261CA21D00BF596C /* Build configuration list for PBXNativeTarget "Leap" */;
			buildPhases = (
				D894F78A19A6351D7DEBD8FB /* [CP] Check Pods Manifest.lock */,
				8BDD2332261CA21A00BF596C /* Sources */,
				8BDD2333261CA21A00BF596C /* Frameworks */,
				8BDD2334261CA21A00BF596C /* Resources */,
				5AA38E62AC290BA3CF57B0B5 /* [CP] Embed Pods Frameworks */,
			);
			buildRules = (
			);
			dependencies = (
			);
			name = Leap;
			productName = Leap;
			productReference = 8BDD2336261CA21A00BF596C /* Leap.app */;
			productType = "com.apple.product-type.application";
		};
		8BDD234B261CA21D00BF596C /* LeapTests */ = {
			isa = PBXNativeTarget;
			buildConfigurationList = 8BDD2363261CA21D00BF596C /* Build configuration list for PBXNativeTarget "LeapTests" */;
			buildPhases = (
				E81D2710EDCCA252D3A4CDCF /* [CP] Check Pods Manifest.lock */,
				8BDD2348261CA21D00BF596C /* Sources */,
				8BDD2349261CA21D00BF596C /* Frameworks */,
				8BDD234A261CA21D00BF596C /* Resources */,
				B956D7FEB0648A76A81413D0 /* [CP] Embed Pods Frameworks */,
			);
			buildRules = (
			);
			dependencies = (
				8BDD234E261CA21D00BF596C /* PBXTargetDependency */,
			);
			name = LeapTests;
			productName = LeapTests;
			productReference = 8BDD234C261CA21D00BF596C /* LeapTests.xctest */;
			productType = "com.apple.product-type.bundle.unit-test";
		};
		8BDD2356261CA21D00BF596C /* LeapUITests */ = {
			isa = PBXNativeTarget;
			buildConfigurationList = 8BDD2366261CA21D00BF596C /* Build configuration list for PBXNativeTarget "LeapUITests" */;
			buildPhases = (
				03715328914021CD28846235 /* [CP] Check Pods Manifest.lock */,
				8BDD2353261CA21D00BF596C /* Sources */,
				8BDD2354261CA21D00BF596C /* Frameworks */,
				8BDD2355261CA21D00BF596C /* Resources */,
				78CB6F198A990E97F574B287 /* [CP] Embed Pods Frameworks */,
			);
			buildRules = (
			);
			dependencies = (
				8BDD2359261CA21D00BF596C /* PBXTargetDependency */,
			);
			name = LeapUITests;
			productName = LeapUITests;
			productReference = 8BDD2357261CA21D00BF596C /* LeapUITests.xctest */;
			productType = "com.apple.product-type.bundle.ui-testing";
		};
/* End PBXNativeTarget section */

/* Begin PBXProject section */
		8BDD232E261CA21A00BF596C /* Project object */ = {
			isa = PBXProject;
			attributes = {
				LastSwiftUpdateCheck = 1240;
				LastUpgradeCheck = 1240;
				TargetAttributes = {
					8BDD2335261CA21A00BF596C = {
						CreatedOnToolsVersion = 12.4;
					};
					8BDD234B261CA21D00BF596C = {
						CreatedOnToolsVersion = 12.4;
						TestTargetID = 8BDD2335261CA21A00BF596C;
					};
					8BDD2356261CA21D00BF596C = {
						CreatedOnToolsVersion = 12.4;
						TestTargetID = 8BDD2335261CA21A00BF596C;
					};
				};
			};
			buildConfigurationList = 8BDD2331261CA21A00BF596C /* Build configuration list for PBXProject "Leap" */;
			compatibilityVersion = "Xcode 9.3";
			developmentRegion = en;
			hasScannedForEncodings = 0;
			knownRegions = (
				en,
				Base,
			);
			mainGroup = 8BDD232D261CA21A00BF596C;
			productRefGroup = 8BDD2337261CA21A00BF596C /* Products */;
			projectDirPath = "";
			projectRoot = "";
			targets = (
				8BDD2335261CA21A00BF596C /* Leap */,
				8BDD234B261CA21D00BF596C /* LeapTests */,
				8BDD2356261CA21D00BF596C /* LeapUITests */,
			);
		};
/* End PBXProject section */

/* Begin PBXResourcesBuildPhase section */
		8BDD2334261CA21A00BF596C /* Resources */ = {
			isa = PBXResourcesBuildPhase;
			buildActionMask = 2147483647;
			files = (
				8BDD2346261CA21D00BF596C /* LaunchScreen.storyboard in Resources */,
				8BDD2343261CA21D00BF596C /* Assets.xcassets in Resources */,
				8BDD2341261CA21A00BF596C /* Main.storyboard in Resources */,
			);
			runOnlyForDeploymentPostprocessing = 0;
		};
		8BDD234A261CA21D00BF596C /* Resources */ = {
			isa = PBXResourcesBuildPhase;
			buildActionMask = 2147483647;
			files = (
			);
			runOnlyForDeploymentPostprocessing = 0;
		};
		8BDD2355261CA21D00BF596C /* Resources */ = {
			isa = PBXResourcesBuildPhase;
			buildActionMask = 2147483647;
			files = (
			);
			runOnlyForDeploymentPostprocessing = 0;
		};
/* End PBXResourcesBuildPhase section */

/* Begin PBXShellScriptBuildPhase section */
		03715328914021CD28846235 /* [CP] Check Pods Manifest.lock */ = {
			isa = PBXShellScriptBuildPhase;
			buildActionMask = 2147483647;
			files = (
			);
			inputFileListPaths = (
			);
			inputPaths = (
				"${PODS_PODFILE_DIR_PATH}/Podfile.lock",
				"${PODS_ROOT}/Manifest.lock",
			);
			name = "[CP] Check Pods Manifest.lock";
			outputFileListPaths = (
			);
			outputPaths = (
				"$(DERIVED_FILE_DIR)/Pods-Leap-LeapUITests-checkManifestLockResult.txt",
			);
			runOnlyForDeploymentPostprocessing = 0;
			shellPath = /bin/sh;
			shellScript = "diff \"${PODS_PODFILE_DIR_PATH}/Podfile.lock\" \"${PODS_ROOT}/Manifest.lock\" > /dev/null\nif [ $? != 0 ] ; then\n    # print error to STDERR\n    echo \"error: The sandbox is not in sync with the Podfile.lock. Run 'pod install' or update your CocoaPods installation.\" >&2\n    exit 1\nfi\n# This output is used by Xcode 'outputs' to avoid re-running this script phase.\necho \"SUCCESS\" > \"${SCRIPT_OUTPUT_FILE_0}\"\n";
			showEnvVarsInLog = 0;
		};
		5AA38E62AC290BA3CF57B0B5 /* [CP] Embed Pods Frameworks */ = {
			isa = PBXShellScriptBuildPhase;
			buildActionMask = 2147483647;
			files = (
			);
			inputFileListPaths = (
				"${PODS_ROOT}/Target Support Files/Pods-Leap/Pods-Leap-frameworks-${CONFIGURATION}-input-files.xcfilelist",
			);
			name = "[CP] Embed Pods Frameworks";
			outputFileListPaths = (
				"${PODS_ROOT}/Target Support Files/Pods-Leap/Pods-Leap-frameworks-${CONFIGURATION}-output-files.xcfilelist",
			);
			runOnlyForDeploymentPostprocessing = 0;
			shellPath = /bin/sh;
			shellScript = "\"${PODS_ROOT}/Target Support Files/Pods-Leap/Pods-Leap-frameworks.sh\"\n";
			showEnvVarsInLog = 0;
		};
		78CB6F198A990E97F574B287 /* [CP] Embed Pods Frameworks */ = {
			isa = PBXShellScriptBuildPhase;
			buildActionMask = 2147483647;
			files = (
			);
			inputFileListPaths = (
				"${PODS_ROOT}/Target Support Files/Pods-Leap-LeapUITests/Pods-Leap-LeapUITests-frameworks-${CONFIGURATION}-input-files.xcfilelist",
			);
			name = "[CP] Embed Pods Frameworks";
			outputFileListPaths = (
				"${PODS_ROOT}/Target Support Files/Pods-Leap-LeapUITests/Pods-Leap-LeapUITests-frameworks-${CONFIGURATION}-output-files.xcfilelist",
			);
			runOnlyForDeploymentPostprocessing = 0;
			shellPath = /bin/sh;
			shellScript = "\"${PODS_ROOT}/Target Support Files/Pods-Leap-LeapUITests/Pods-Leap-LeapUITests-frameworks.sh\"\n";
			showEnvVarsInLog = 0;
		};
		B956D7FEB0648A76A81413D0 /* [CP] Embed Pods Frameworks */ = {
			isa = PBXShellScriptBuildPhase;
			buildActionMask = 2147483647;
			files = (
			);
			inputFileListPaths = (
				"${PODS_ROOT}/Target Support Files/Pods-LeapTests/Pods-LeapTests-frameworks-${CONFIGURATION}-input-files.xcfilelist",
			);
			name = "[CP] Embed Pods Frameworks";
			outputFileListPaths = (
				"${PODS_ROOT}/Target Support Files/Pods-LeapTests/Pods-LeapTests-frameworks-${CONFIGURATION}-output-files.xcfilelist",
			);
			runOnlyForDeploymentPostprocessing = 0;
			shellPath = /bin/sh;
			shellScript = "\"${PODS_ROOT}/Target Support Files/Pods-LeapTests/Pods-LeapTests-frameworks.sh\"\n";
			showEnvVarsInLog = 0;
		};
		D894F78A19A6351D7DEBD8FB /* [CP] Check Pods Manifest.lock */ = {
			isa = PBXShellScriptBuildPhase;
			buildActionMask = 2147483647;
			files = (
			);
			inputFileListPaths = (
			);
			inputPaths = (
				"${PODS_PODFILE_DIR_PATH}/Podfile.lock",
				"${PODS_ROOT}/Manifest.lock",
			);
			name = "[CP] Check Pods Manifest.lock";
			outputFileListPaths = (
			);
			outputPaths = (
				"$(DERIVED_FILE_DIR)/Pods-Leap-checkManifestLockResult.txt",
			);
			runOnlyForDeploymentPostprocessing = 0;
			shellPath = /bin/sh;
			shellScript = "diff \"${PODS_PODFILE_DIR_PATH}/Podfile.lock\" \"${PODS_ROOT}/Manifest.lock\" > /dev/null\nif [ $? != 0 ] ; then\n    # print error to STDERR\n    echo \"error: The sandbox is not in sync with the Podfile.lock. Run 'pod install' or update your CocoaPods installation.\" >&2\n    exit 1\nfi\n# This output is used by Xcode 'outputs' to avoid re-running this script phase.\necho \"SUCCESS\" > \"${SCRIPT_OUTPUT_FILE_0}\"\n";
			showEnvVarsInLog = 0;
		};
		E81D2710EDCCA252D3A4CDCF /* [CP] Check Pods Manifest.lock */ = {
			isa = PBXShellScriptBuildPhase;
			buildActionMask = 2147483647;
			files = (
			);
			inputFileListPaths = (
			);
			inputPaths = (
				"${PODS_PODFILE_DIR_PATH}/Podfile.lock",
				"${PODS_ROOT}/Manifest.lock",
			);
			name = "[CP] Check Pods Manifest.lock";
			outputFileListPaths = (
			);
			outputPaths = (
				"$(DERIVED_FILE_DIR)/Pods-LeapTests-checkManifestLockResult.txt",
			);
			runOnlyForDeploymentPostprocessing = 0;
			shellPath = /bin/sh;
			shellScript = "diff \"${PODS_PODFILE_DIR_PATH}/Podfile.lock\" \"${PODS_ROOT}/Manifest.lock\" > /dev/null\nif [ $? != 0 ] ; then\n    # print error to STDERR\n    echo \"error: The sandbox is not in sync with the Podfile.lock. Run 'pod install' or update your CocoaPods installation.\" >&2\n    exit 1\nfi\n# This output is used by Xcode 'outputs' to avoid re-running this script phase.\necho \"SUCCESS\" > \"${SCRIPT_OUTPUT_FILE_0}\"\n";
			showEnvVarsInLog = 0;
		};
/* End PBXShellScriptBuildPhase section */

/* Begin PBXSourcesBuildPhase section */
		8BDD2332261CA21A00BF596C /* Sources */ = {
			isa = PBXSourcesBuildPhase;
			buildActionMask = 2147483647;
			files = (
				8BDD233E261CA21A00BF596C /* ViewController.swift in Sources */,
				8BDD233A261CA21A00BF596C /* AppDelegate.swift in Sources */,
				8BDD233C261CA21A00BF596C /* SceneDelegate.swift in Sources */,
			);
			runOnlyForDeploymentPostprocessing = 0;
		};
		8BDD2348261CA21D00BF596C /* Sources */ = {
			isa = PBXSourcesBuildPhase;
			buildActionMask = 2147483647;
			files = (
				8BDD2351261CA21D00BF596C /* LeapTests.swift in Sources */,
			);
			runOnlyForDeploymentPostprocessing = 0;
		};
		8BDD2353261CA21D00BF596C /* Sources */ = {
			isa = PBXSourcesBuildPhase;
			buildActionMask = 2147483647;
			files = (
				8BDD235C261CA21D00BF596C /* LeapUITests.swift in Sources */,
			);
			runOnlyForDeploymentPostprocessing = 0;
		};
/* End PBXSourcesBuildPhase section */

/* Begin PBXTargetDependency section */
		8BDD234E261CA21D00BF596C /* PBXTargetDependency */ = {
			isa = PBXTargetDependency;
			target = 8BDD2335261CA21A00BF596C /* Leap */;
			targetProxy = 8BDD234D261CA21D00BF596C /* PBXContainerItemProxy */;
		};
		8BDD2359261CA21D00BF596C /* PBXTargetDependency */ = {
			isa = PBXTargetDependency;
			target = 8BDD2335261CA21A00BF596C /* Leap */;
			targetProxy = 8BDD2358261CA21D00BF596C /* PBXContainerItemProxy */;
		};
/* End PBXTargetDependency section */

/* Begin PBXVariantGroup section */
		8BDD233F261CA21A00BF596C /* Main.storyboard */ = {
			isa = PBXVariantGroup;
			children = (
				8BDD2340261CA21A00BF596C /* Base */,
			);
			name = Main.storyboard;
			sourceTree = "<group>";
		};
		8BDD2344261CA21D00BF596C /* LaunchScreen.storyboard */ = {
			isa = PBXVariantGroup;
			children = (
				8BDD2345261CA21D00BF596C /* Base */,
			);
			name = LaunchScreen.storyboard;
			sourceTree = "<group>";
		};
/* End PBXVariantGroup section */

/* Begin XCBuildConfiguration section */
		8BDD235E261CA21D00BF596C /* Debug */ = {
			isa = XCBuildConfiguration;
			buildSettings = {
				ALWAYS_SEARCH_USER_PATHS = NO;
				CLANG_ANALYZER_NONNULL = YES;
				CLANG_ANALYZER_NUMBER_OBJECT_CONVERSION = YES_AGGRESSIVE;
				CLANG_CXX_LANGUAGE_STANDARD = "gnu++14";
				CLANG_CXX_LIBRARY = "libc++";
				CLANG_ENABLE_MODULES = YES;
				CLANG_ENABLE_OBJC_ARC = YES;
				CLANG_ENABLE_OBJC_WEAK = YES;
				CLANG_WARN_BLOCK_CAPTURE_AUTORELEASING = YES;
				CLANG_WARN_BOOL_CONVERSION = YES;
				CLANG_WARN_COMMA = YES;
				CLANG_WARN_CONSTANT_CONVERSION = YES;
				CLANG_WARN_DEPRECATED_OBJC_IMPLEMENTATIONS = YES;
				CLANG_WARN_DIRECT_OBJC_ISA_USAGE = YES_ERROR;
				CLANG_WARN_DOCUMENTATION_COMMENTS = YES;
				CLANG_WARN_EMPTY_BODY = YES;
				CLANG_WARN_ENUM_CONVERSION = YES;
				CLANG_WARN_INFINITE_RECURSION = YES;
				CLANG_WARN_INT_CONVERSION = YES;
				CLANG_WARN_NON_LITERAL_NULL_CONVERSION = YES;
				CLANG_WARN_OBJC_IMPLICIT_RETAIN_SELF = YES;
				CLANG_WARN_OBJC_LITERAL_CONVERSION = YES;
				CLANG_WARN_OBJC_ROOT_CLASS = YES_ERROR;
				CLANG_WARN_QUOTED_INCLUDE_IN_FRAMEWORK_HEADER = YES;
				CLANG_WARN_RANGE_LOOP_ANALYSIS = YES;
				CLANG_WARN_STRICT_PROTOTYPES = YES;
				CLANG_WARN_SUSPICIOUS_MOVE = YES;
				CLANG_WARN_UNGUARDED_AVAILABILITY = YES_AGGRESSIVE;
				CLANG_WARN_UNREACHABLE_CODE = YES;
				CLANG_WARN__DUPLICATE_METHOD_MATCH = YES;
				COPY_PHASE_STRIP = NO;
				DEBUG_INFORMATION_FORMAT = dwarf;
				ENABLE_STRICT_OBJC_MSGSEND = YES;
				ENABLE_TESTABILITY = YES;
				GCC_C_LANGUAGE_STANDARD = gnu11;
				GCC_DYNAMIC_NO_PIC = NO;
				GCC_NO_COMMON_BLOCKS = YES;
				GCC_OPTIMIZATION_LEVEL = 0;
				GCC_PREPROCESSOR_DEFINITIONS = (
					"DEBUG=1",
					"$(inherited)",
				);
				GCC_WARN_64_TO_32_BIT_CONVERSION = YES;
				GCC_WARN_ABOUT_RETURN_TYPE = YES_ERROR;
				GCC_WARN_UNDECLARED_SELECTOR = YES;
				GCC_WARN_UNINITIALIZED_AUTOS = YES_AGGRESSIVE;
				GCC_WARN_UNUSED_FUNCTION = YES;
				GCC_WARN_UNUSED_VARIABLE = YES;
				IPHONEOS_DEPLOYMENT_TARGET = 14.4;
				MTL_ENABLE_DEBUG_INFO = INCLUDE_SOURCE;
				MTL_FAST_MATH = YES;
				ONLY_ACTIVE_ARCH = YES;
				SDKROOT = iphoneos;
				SWIFT_ACTIVE_COMPILATION_CONDITIONS = DEBUG;
				SWIFT_OPTIMIZATION_LEVEL = "-Onone";
			};
			name = Debug;
		};
		8BDD235F261CA21D00BF596C /* Release */ = {
			isa = XCBuildConfiguration;
			buildSettings = {
				ALWAYS_SEARCH_USER_PATHS = NO;
				CLANG_ANALYZER_NONNULL = YES;
				CLANG_ANALYZER_NUMBER_OBJECT_CONVERSION = YES_AGGRESSIVE;
				CLANG_CXX_LANGUAGE_STANDARD = "gnu++14";
				CLANG_CXX_LIBRARY = "libc++";
				CLANG_ENABLE_MODULES = YES;
				CLANG_ENABLE_OBJC_ARC = YES;
				CLANG_ENABLE_OBJC_WEAK = YES;
				CLANG_WARN_BLOCK_CAPTURE_AUTORELEASING = YES;
				CLANG_WARN_BOOL_CONVERSION = YES;
				CLANG_WARN_COMMA = YES;
				CLANG_WARN_CONSTANT_CONVERSION = YES;
				CLANG_WARN_DEPRECATED_OBJC_IMPLEMENTATIONS = YES;
				CLANG_WARN_DIRECT_OBJC_ISA_USAGE = YES_ERROR;
				CLANG_WARN_DOCUMENTATION_COMMENTS = YES;
				CLANG_WARN_EMPTY_BODY = YES;
				CLANG_WARN_ENUM_CONVERSION = YES;
				CLANG_WARN_INFINITE_RECURSION = YES;
				CLANG_WARN_INT_CONVERSION = YES;
				CLANG_WARN_NON_LITERAL_NULL_CONVERSION = YES;
				CLANG_WARN_OBJC_IMPLICIT_RETAIN_SELF = YES;
				CLANG_WARN_OBJC_LITERAL_CONVERSION = YES;
				CLANG_WARN_OBJC_ROOT_CLASS = YES_ERROR;
				CLANG_WARN_QUOTED_INCLUDE_IN_FRAMEWORK_HEADER = YES;
				CLANG_WARN_RANGE_LOOP_ANALYSIS = YES;
				CLANG_WARN_STRICT_PROTOTYPES = YES;
				CLANG_WARN_SUSPICIOUS_MOVE = YES;
				CLANG_WARN_UNGUARDED_AVAILABILITY = YES_AGGRESSIVE;
				CLANG_WARN_UNREACHABLE_CODE = YES;
				CLANG_WARN__DUPLICATE_METHOD_MATCH = YES;
				COPY_PHASE_STRIP = NO;
				DEBUG_INFORMATION_FORMAT = "dwarf-with-dsym";
				ENABLE_NS_ASSERTIONS = NO;
				ENABLE_STRICT_OBJC_MSGSEND = YES;
				GCC_C_LANGUAGE_STANDARD = gnu11;
				GCC_NO_COMMON_BLOCKS = YES;
				GCC_WARN_64_TO_32_BIT_CONVERSION = YES;
				GCC_WARN_ABOUT_RETURN_TYPE = YES_ERROR;
				GCC_WARN_UNDECLARED_SELECTOR = YES;
				GCC_WARN_UNINITIALIZED_AUTOS = YES_AGGRESSIVE;
				GCC_WARN_UNUSED_FUNCTION = YES;
				GCC_WARN_UNUSED_VARIABLE = YES;
				IPHONEOS_DEPLOYMENT_TARGET = 14.4;
				MTL_ENABLE_DEBUG_INFO = NO;
				MTL_FAST_MATH = YES;
				SDKROOT = iphoneos;
				SWIFT_COMPILATION_MODE = wholemodule;
				SWIFT_OPTIMIZATION_LEVEL = "-O";
				VALIDATE_PRODUCT = YES;
			};
			name = Release;
		};
		8BDD2361261CA21D00BF596C /* Debug */ = {
			isa = XCBuildConfiguration;
			baseConfigurationReference = 56ADF4C353FDF47FD64213A1 /* Pods-Leap.debug.xcconfig */;
			buildSettings = {
				ASSETCATALOG_COMPILER_APPICON_NAME = AppIcon;
				ASSETCATALOG_COMPILER_GLOBAL_ACCENT_COLOR_NAME = AccentColor;
				CODE_SIGN_STYLE = Automatic;
				DEVELOPMENT_TEAM = VB5KPC8TUV;
				INFOPLIST_FILE = Leap/Info.plist;
				LD_RUNPATH_SEARCH_PATHS = (
					"$(inherited)",
					"@executable_path/Frameworks",
				);
				PRODUCT_BUNDLE_IDENTIFIER = io.github.92pino.Leap;
				PRODUCT_NAME = "$(TARGET_NAME)";
				SWIFT_VERSION = 5.0;
				TARGETED_DEVICE_FAMILY = "1,2";
			};
			name = Debug;
		};
		8BDD2362261CA21D00BF596C /* Release */ = {
			isa = XCBuildConfiguration;
			baseConfigurationReference = 9B60B1487856ABDFA2DA3383 /* Pods-Leap.release.xcconfig */;
			buildSettings = {
				ASSETCATALOG_COMPILER_APPICON_NAME = AppIcon;
				ASSETCATALOG_COMPILER_GLOBAL_ACCENT_COLOR_NAME = AccentColor;
				CODE_SIGN_STYLE = Automatic;
				DEVELOPMENT_TEAM = VB5KPC8TUV;
				INFOPLIST_FILE = Leap/Info.plist;
				LD_RUNPATH_SEARCH_PATHS = (
					"$(inherited)",
					"@executable_path/Frameworks",
				);
				PRODUCT_BUNDLE_IDENTIFIER = io.github.92pino.Leap;
				PRODUCT_NAME = "$(TARGET_NAME)";
				SWIFT_VERSION = 5.0;
				TARGETED_DEVICE_FAMILY = "1,2";
			};
			name = Release;
		};
		8BDD2364261CA21D00BF596C /* Debug */ = {
			isa = XCBuildConfiguration;
			baseConfigurationReference = 9B599407E28AFADB82362E6A /* Pods-LeapTests.debug.xcconfig */;
			buildSettings = {
				ALWAYS_EMBED_SWIFT_STANDARD_LIBRARIES = "$(inherited)";
				BUNDLE_LOADER = "$(TEST_HOST)";
				CODE_SIGN_STYLE = Automatic;
				DEVELOPMENT_TEAM = VB5KPC8TUV;
				INFOPLIST_FILE = LeapTests/Info.plist;
				IPHONEOS_DEPLOYMENT_TARGET = 14.4;
				LD_RUNPATH_SEARCH_PATHS = (
					"$(inherited)",
					"@executable_path/Frameworks",
					"@loader_path/Frameworks",
				);
				PRODUCT_BUNDLE_IDENTIFIER = io.github.92pino.LeapTests;
				PRODUCT_NAME = "$(TARGET_NAME)";
				SWIFT_VERSION = 5.0;
				TARGETED_DEVICE_FAMILY = "1,2";
				TEST_HOST = "$(BUILT_PRODUCTS_DIR)/Leap.app/Leap";
			};
			name = Debug;
		};
		8BDD2365261CA21D00BF596C /* Release */ = {
			isa = XCBuildConfiguration;
			baseConfigurationReference = 8795CD6477B763A29BCE19BA /* Pods-LeapTests.release.xcconfig */;
			buildSettings = {
				ALWAYS_EMBED_SWIFT_STANDARD_LIBRARIES = "$(inherited)";
				BUNDLE_LOADER = "$(TEST_HOST)";
				CODE_SIGN_STYLE = Automatic;
				DEVELOPMENT_TEAM = VB5KPC8TUV;
				INFOPLIST_FILE = LeapTests/Info.plist;
				IPHONEOS_DEPLOYMENT_TARGET = 14.4;
				LD_RUNPATH_SEARCH_PATHS = (
					"$(inherited)",
					"@executable_path/Frameworks",
					"@loader_path/Frameworks",
				);
				PRODUCT_BUNDLE_IDENTIFIER = io.github.92pino.LeapTests;
				PRODUCT_NAME = "$(TARGET_NAME)";
				SWIFT_VERSION = 5.0;
				TARGETED_DEVICE_FAMILY = "1,2";
				TEST_HOST = "$(BUILT_PRODUCTS_DIR)/Leap.app/Leap";
			};
			name = Release;
		};
		8BDD2367261CA21D00BF596C /* Debug */ = {
			isa = XCBuildConfiguration;
			baseConfigurationReference = 92D7CE0A28E4590D06BBB373 /* Pods-Leap-LeapUITests.debug.xcconfig */;
			buildSettings = {
				ALWAYS_EMBED_SWIFT_STANDARD_LIBRARIES = YES;
				CODE_SIGN_STYLE = Automatic;
				DEVELOPMENT_TEAM = VB5KPC8TUV;
				INFOPLIST_FILE = LeapUITests/Info.plist;
				LD_RUNPATH_SEARCH_PATHS = (
					"$(inherited)",
					"@executable_path/Frameworks",
					"@loader_path/Frameworks",
				);
				PRODUCT_BUNDLE_IDENTIFIER = io.github.92pino.LeapUITests;
				PRODUCT_NAME = "$(TARGET_NAME)";
				SWIFT_VERSION = 5.0;
				TARGETED_DEVICE_FAMILY = "1,2";
				TEST_TARGET_NAME = Leap;
			};
			name = Debug;
		};
		8BDD2368261CA21D00BF596C /* Release */ = {
			isa = XCBuildConfiguration;
			baseConfigurationReference = 766C5E81CDB21EE0902126B5 /* Pods-Leap-LeapUITests.release.xcconfig */;
			buildSettings = {
				ALWAYS_EMBED_SWIFT_STANDARD_LIBRARIES = YES;
				CODE_SIGN_STYLE = Automatic;
				DEVELOPMENT_TEAM = VB5KPC8TUV;
				INFOPLIST_FILE = LeapUITests/Info.plist;
				LD_RUNPATH_SEARCH_PATHS = (
					"$(inherited)",
					"@executable_path/Frameworks",
					"@loader_path/Frameworks",
				);
				PRODUCT_BUNDLE_IDENTIFIER = io.github.92pino.LeapUITests;
				PRODUCT_NAME = "$(TARGET_NAME)";
				SWIFT_VERSION = 5.0;
				TARGETED_DEVICE_FAMILY = "1,2";
				TEST_TARGET_NAME = Leap;
			};
			name = Release;
		};
/* End XCBuildConfiguration section */

/* Begin XCConfigurationList section */
		8BDD2331261CA21A00BF596C /* Build configuration list for PBXProject "Leap" */ = {
			isa = XCConfigurationList;
			buildConfigurations = (
				8BDD235E261CA21D00BF596C /* Debug */,
				8BDD235F261CA21D00BF596C /* Release */,
			);
			defaultConfigurationIsVisible = 0;
			defaultConfigurationName = Release;
		};
		8BDD2360261CA21D00BF596C /* Build configuration list for PBXNativeTarget "Leap" */ = {
			isa = XCConfigurationList;
			buildConfigurations = (
				8BDD2361261CA21D00BF596C /* Debug */,
				8BDD2362261CA21D00BF596C /* Release */,
			);
			defaultConfigurationIsVisible = 0;
			defaultConfigurationName = Release;
		};
		8BDD2363261CA21D00BF596C /* Build configuration list for PBXNativeTarget "LeapTests" */ = {
			isa = XCConfigurationList;
			buildConfigurations = (
				8BDD2364261CA21D00BF596C /* Debug */,
				8BDD2365261CA21D00BF596C /* Release */,
			);
			defaultConfigurationIsVisible = 0;
			defaultConfigurationName = Release;
		};
		8BDD2366261CA21D00BF596C /* Build configuration list for PBXNativeTarget "LeapUITests" */ = {
			isa = XCConfigurationList;
			buildConfigurations = (
				8BDD2367261CA21D00BF596C /* Debug */,
				8BDD2368261CA21D00BF596C /* Release */,
			);
			defaultConfigurationIsVisible = 0;
			defaultConfigurationName = Release;
		};
/* End XCConfigurationList section */
	};
	rootObject = 8BDD232E261CA21A00BF596C /* Project object */;
}
